
Microsoft Visual Studio Solution File, Format Version 12.00
# Visual Studio Version 17
VisualStudioVersion = 17.5.33516.290
MinimumVisualStudioVersion = 10.0.40219.1
Project("{9A19103F-16F7-4668-BE54-9A1E7A4F7556}") = "DataTrust", "DataTrust.csproj", "{941C020F-009F-43AA-A071-5A6B09B589D5}"
EndProject
Global
	GlobalSection(SolutionConfigurationPlatforms) = preSolution
		Debug|Any CPU = Debug|Any CPU
		Release|Any CPU = Release|Any CPU
	EndGlobalSection
	GlobalSection(ProjectConfigurationPlatforms) = postSolution
		{941C020F-009F-43AA-A071-5A6B09B589D5}.Debug|Any CPU.ActiveCfg = Debug|Any CPU
		{941C020F-009F-43AA-A071-5A6B09B589D5}.Debug|Any CPU.Build.0 = Debug|Any CPU
		{941C020F-009F-43AA-A071-5A6B09B589D5}.Release|Any CPU.ActiveCfg = Release|Any CPU
		{941C020F-009F-43AA-A071-5A6B09B589D5}.Release|Any CPU.Build.0 = Release|Any CPU
	EndGlobalSection
	GlobalSection(SolutionProperties) = preSolution
		HideSolutionNode = FALSE
	EndGlobalSection
	GlobalSection(ExtensibilityGlobals) = postSolution
		SolutionGuid = {BEB905CC-C946-40C1-B589-2CF46A323B85}
	EndGlobalSection
EndGlobal
